
Microsoft Visual Studio Solution File, Format Version 12.00
# Visual Studio Version 16
VisualStudioVersion = 16.0.30523.141
MinimumVisualStudioVersion = 10.0.40219.1
Project("{8BC9CEB8-8B4A-11D0-8D11-00A0C91BC942}") = "ППвИС 1laba", "ППвИС 1laba.vcxproj", "{24E5B2B8-282E-4FDB-B552-58F381893C59}"
EndProject
Global
	GlobalSection(SolutionConfigurationPlatforms) = preSolution
		Debug|x64 = Debug|x64
		Debug|x86 = Debug|x86
		Release|x64 = Release|x64
		Release|x86 = Release|x86
	EndGlobalSection
	GlobalSection(ProjectConfigurationPlatforms) = postSolution
		{24E5B2B8-282E-4FDB-B552-58F381893C59}.Debug|x64.ActiveCfg = Debug|x64
		{24E5B2B8-282E-4FDB-B552-58F381893C59}.Debug|x64.Build.0 = Debug|x64
		{24E5B2B8-282E-4FDB-B552-58F381893C59}.Debug|x86.ActiveCfg = Debug|Win32
		{24E5B2B8-282E-4FDB-B552-58F381893C59}.Debug|x86.Build.0 = Debug|Win32
		{24E5B2B8-282E-4FDB-B552-58F381893C59}.Release|x64.ActiveCfg = Release|x64
		{24E5B2B8-282E-4FDB-B552-58F381893C59}.Release|x64.Build.0 = Release|x64
		{24E5B2B8-282E-4FDB-B552-58F381893C59}.Release|x86.ActiveCfg = Release|Win32
		{24E5B2B8-282E-4FDB-B552-58F381893C59}.Release|x86.Build.0 = Release|Win32
	EndGlobalSection
	GlobalSection(SolutionProperties) = preSolution
		HideSolutionNode = FALSE
	EndGlobalSection
	GlobalSection(ExtensibilityGlobals) = postSolution
		SolutionGuid = {80FEA61B-01A5-4E2D-8E72-56E14C47FDCF}
	EndGlobalSection
EndGlobal
